// !$*UTF8*$!
{
	archiveVersion = 1;
	classes = {
	};
	objectVersion = 55;
	objects = {

/* Begin PBXBuildFile section */
		42002F872802A19B00173378 /* MemoryApp.swift in Sources */ = {isa = PBXBuildFile; fileRef = 42002F862802A19B00173378 /* MemoryApp.swift */; };
		42002F892802A19B00173378 /* ContentView.swift in Sources */ = {isa = PBXBuildFile; fileRef = 42002F882802A19B00173378 /* ContentView.swift */; };
		42002F8B2802A19C00173378 /* Assets.xcassets in Resources */ = {isa = PBXBuildFile; fileRef = 42002F8A2802A19C00173378 /* Assets.xcassets */; };
		42002F8E2802A19C00173378 /* Preview Assets.xcassets in Resources */ = {isa = PBXBuildFile; fileRef = 42002F8D2802A19C00173378 /* Preview Assets.xcassets */; };
		42002F972802E9E000173378 /* CardModel.swift in Sources */ = {isa = PBXBuildFile; fileRef = 42002F962802E9E000173378 /* CardModel.swift */; };
		42002F992802F4D400173378 /* CardViewModel.swift in Sources */ = {isa = PBXBuildFile; fileRef = 42002F982802F4D400173378 /* CardViewModel.swift */; };
		4248666C28042792003E795C /* Cardify.swift in Sources */ = {isa = PBXBuildFile; fileRef = 4248666B28042792003E795C /* Cardify.swift */; };
		4248666E28042FD7003E795C /* CardView.swift in Sources */ = {isa = PBXBuildFile; fileRef = 4248666D28042FD7003E795C /* CardView.swift */; };
		42ADA616280697D900184054 /* CardGameView.swift in Sources */ = {isa = PBXBuildFile; fileRef = 42ADA615280697D900184054 /* CardGameView.swift */; };
		42ADA6182806986000184054 /* ThemeModel.swift in Sources */ = {isa = PBXBuildFile; fileRef = 42ADA6172806986000184054 /* ThemeModel.swift */; };
		42ADA61A2806999A00184054 /* ThemeViewModel.swift in Sources */ = {isa = PBXBuildFile; fileRef = 42ADA6192806999A00184054 /* ThemeViewModel.swift */; };
		42ADA61C28069D9F00184054 /* ThemeView.swift in Sources */ = {isa = PBXBuildFile; fileRef = 42ADA61B28069D9F00184054 /* ThemeView.swift */; };
		42ADA61E2806CCFD00184054 /* ThemeEdit.swift in Sources */ = {isa = PBXBuildFile; fileRef = 42ADA61D2806CCFD00184054 /* ThemeEdit.swift */; };
		42EE3F382807C01A00C5F0C3 /* Extension.swift in Sources */ = {isa = PBXBuildFile; fileRef = 42EE3F372807C01A00C5F0C3 /* Extension.swift */; };
		42F2744828058D57008DBE86 /* Trial.swift in Sources */ = {isa = PBXBuildFile; fileRef = 42F2744728058D57008DBE86 /* Trial.swift */; };
/* End PBXBuildFile section */

/* Begin PBXFileReference section */
		42002F832802A19B00173378 /* Memory.app */ = {isa = PBXFileReference; explicitFileType = wrapper.application; includeInIndex = 0; path = Memory.app; sourceTree = BUILT_PRODUCTS_DIR; };
		42002F862802A19B00173378 /* MemoryApp.swift */ = {isa = PBXFileReference; lastKnownFileType = sourcecode.swift; path = MemoryApp.swift; sourceTree = "<group>"; };
		42002F882802A19B00173378 /* ContentView.swift */ = {isa = PBXFileReference; lastKnownFileType = sourcecode.swift; path = ContentView.swift; sourceTree = "<group>"; };
		42002F8A2802A19C00173378 /* Assets.xcassets */ = {isa = PBXFileReference; lastKnownFileType = folder.assetcatalog; path = Assets.xcassets; sourceTree = "<group>"; };
		42002F8D2802A19C00173378 /* Preview Assets.xcassets */ = {isa = PBXFileReference; lastKnownFileType = folder.assetcatalog; path = "Preview Assets.xcassets"; sourceTree = "<group>"; };
		42002F962802E9E000173378 /* CardModel.swift */ = {isa = PBXFileReference; lastKnownFileType = sourcecode.swift; path = CardModel.swift; sourceTree = "<group>"; };
		42002F982802F4D400173378 /* CardViewModel.swift */ = {isa = PBXFileReference; lastKnownFileType = sourcecode.swift; path = CardViewModel.swift; sourceTree = "<group>"; };
		4248666B28042792003E795C /* Cardify.swift */ = {isa = PBXFileReference; lastKnownFileType = sourcecode.swift; path = Cardify.swift; sourceTree = "<group>"; };
		4248666D28042FD7003E795C /* CardView.swift */ = {isa = PBXFileReference; lastKnownFileType = sourcecode.swift; path = CardView.swift; sourceTree = "<group>"; };
		42ADA615280697D900184054 /* CardGameView.swift */ = {isa = PBXFileReference; lastKnownFileType = sourcecode.swift; path = CardGameView.swift; sourceTree = "<group>"; };
		42ADA6172806986000184054 /* ThemeModel.swift */ = {isa = PBXFileReference; lastKnownFileType = sourcecode.swift; path = ThemeModel.swift; sourceTree = "<group>"; };
		42ADA6192806999A00184054 /* ThemeViewModel.swift */ = {isa = PBXFileReference; lastKnownFileType = sourcecode.swift; path = ThemeViewModel.swift; sourceTree = "<group>"; };
		42ADA61B28069D9F00184054 /* ThemeView.swift */ = {isa = PBXFileReference; lastKnownFileType = sourcecode.swift; path = ThemeView.swift; sourceTree = "<group>"; };
		42ADA61D2806CCFD00184054 /* ThemeEdit.swift */ = {isa = PBXFileReference; lastKnownFileType = sourcecode.swift; path = ThemeEdit.swift; sourceTree = "<group>"; };
		42EE3F372807C01A00C5F0C3 /* Extension.swift */ = {isa = PBXFileReference; lastKnownFileType = sourcecode.swift; path = Extension.swift; sourceTree = "<group>"; };
		42F2744728058D57008DBE86 /* Trial.swift */ = {isa = PBXFileReference; lastKnownFileType = sourcecode.swift; path = Trial.swift; sourceTree = "<group>"; };
/* End PBXFileReference section */

/* Begin PBXFrameworksBuildPhase section */
		42002F802802A19B00173378 /* Frameworks */ = {
			isa = PBXFrameworksBuildPhase;
			buildActionMask = 2147483647;
			files = (
			);
			runOnlyForDeploymentPostprocessing = 0;
		};
/* End PBXFrameworksBuildPhase section */

/* Begin PBXGroup section */
		42002F7A2802A19B00173378 = {
			isa = PBXGroup;
			children = (
				42002F852802A19B00173378 /* Memory */,
				42002F842802A19B00173378 /* Products */,
			);
			sourceTree = "<group>";
		};
		42002F842802A19B00173378 /* Products */ = {
			isa = PBXGroup;
			children = (
				42002F832802A19B00173378 /* Memory.app */,
			);
			name = Products;
			sourceTree = "<group>";
		};
		42002F852802A19B00173378 /* Memory */ = {
			isa = PBXGroup;
			children = (
				42002F862802A19B00173378 /* MemoryApp.swift */,
				42002F882802A19B00173378 /* ContentView.swift */,
				42002F8A2802A19C00173378 /* Assets.xcassets */,
				42002F8C2802A19C00173378 /* Preview Content */,
				42002F962802E9E000173378 /* CardModel.swift */,
				42002F982802F4D400173378 /* CardViewModel.swift */,
				4248666B28042792003E795C /* Cardify.swift */,
				4248666D28042FD7003E795C /* CardView.swift */,
				42F2744728058D57008DBE86 /* Trial.swift */,
				42ADA615280697D900184054 /* CardGameView.swift */,
				42ADA6172806986000184054 /* ThemeModel.swift */,
				42ADA6192806999A00184054 /* ThemeViewModel.swift */,
				42ADA61B28069D9F00184054 /* ThemeView.swift */,
				42ADA61D2806CCFD00184054 /* ThemeEdit.swift */,
				42EE3F372807C01A00C5F0C3 /* Extension.swift */,
			);
			path = Memory;
			sourceTree = "<group>";
		};
		42002F8C2802A19C00173378 /* Preview Content */ = {
			isa = PBXGroup;
			children = (
				42002F8D2802A19C00173378 /* Preview Assets.xcassets */,
			);
			path = "Preview Content";
			sourceTree = "<group>";
		};
/* End PBXGroup section */

/* Begin PBXNativeTarget section */
		42002F822802A19B00173378 /* Memory */ = {
			isa = PBXNativeTarget;
			buildConfigurationList = 42002F912802A19C00173378 /* Build configuration list for PBXNativeTarget "Memory" */;
			buildPhases = (
				42002F7F2802A19B00173378 /* Sources */,
				42002F802802A19B00173378 /* Frameworks */,
				42002F812802A19B00173378 /* Resources */,
			);
			buildRules = (
			);
			dependencies = (
			);
			name = Memory;
			productName = Memory;
			productReference = 42002F832802A19B00173378 /* Memory.app */;
			productType = "com.apple.product-type.application";
		};
/* End PBXNativeTarget section */

/* Begin PBXProject section */
		42002F7B2802A19B00173378 /* Project object */ = {
			isa = PBXProject;
			attributes = {
				BuildIndependentTargetsInParallel = 1;
				LastSwiftUpdateCheck = 1330;
				LastUpgradeCheck = 1330;
				TargetAttributes = {
					42002F822802A19B00173378 = {
						CreatedOnToolsVersion = 13.3;
					};
				};
			};
			buildConfigurationList = 42002F7E2802A19B00173378 /* Build configuration list for PBXProject "Memory" */;
			compatibilityVersion = "Xcode 13.0";
			developmentRegion = en;
			hasScannedForEncodings = 0;
			knownRegions = (
				en,
				Base,
			);
			mainGroup = 42002F7A2802A19B00173378;
			productRefGroup = 42002F842802A19B00173378 /* Products */;
			projectDirPath = "";
			projectRoot = "";
			targets = (
				42002F822802A19B00173378 /* Memory */,
			);
		};
/* End PBXProject section */

/* Begin PBXResourcesBuildPhase section */
		42002F812802A19B00173378 /* Resources */ = {
			isa = PBXResourcesBuildPhase;
			buildActionMask = 2147483647;
			files = (
				42002F8E2802A19C00173378 /* Preview Assets.xcassets in Resources */,
				42002F8B2802A19C00173378 /* Assets.xcassets in Resources */,
			);
			runOnlyForDeploymentPostprocessing = 0;
		};
/* End PBXResourcesBuildPhase section */

/* Begin PBXSourcesBuildPhase section */
		42002F7F2802A19B00173378 /* Sources */ = {
			isa = PBXSourcesBuildPhase;
			buildActionMask = 2147483647;
			files = (
				42ADA61A2806999A00184054 /* ThemeViewModel.swift in Sources */,
				42ADA61C28069D9F00184054 /* ThemeView.swift in Sources */,
				42F2744828058D57008DBE86 /* Trial.swift in Sources */,
				42002F992802F4D400173378 /* CardViewModel.swift in Sources */,
				42002F892802A19B00173378 /* ContentView.swift in Sources */,
				42002F872802A19B00173378 /* MemoryApp.swift in Sources */,
				42ADA616280697D900184054 /* CardGameView.swift in Sources */,
				42ADA61E2806CCFD00184054 /* ThemeEdit.swift in Sources */,
				4248666C28042792003E795C /* Cardify.swift in Sources */,
				42EE3F382807C01A00C5F0C3 /* Extension.swift in Sources */,
				42ADA6182806986000184054 /* ThemeModel.swift in Sources */,
				4248666E28042FD7003E795C /* CardView.swift in Sources */,
				42002F972802E9E000173378 /* CardModel.swift in Sources */,
			);
			runOnlyForDeploymentPostprocessing = 0;
		};
/* End PBXSourcesBuildPhase section */

/* Begin XCBuildConfiguration section */
		42002F8F2802A19C00173378 /* Debug */ = {
			isa = XCBuildConfiguration;
			buildSettings = {
				ALWAYS_SEARCH_USER_PATHS = NO;
				CLANG_ANALYZER_NONNULL = YES;
				CLANG_ANALYZER_NUMBER_OBJECT_CONVERSION = YES_AGGRESSIVE;
				CLANG_CXX_LANGUAGE_STANDARD = "gnu++17";
				CLANG_ENABLE_MODULES = YES;
				CLANG_ENABLE_OBJC_ARC = YES;
				CLANG_ENABLE_OBJC_WEAK = YES;
				CLANG_WARN_BLOCK_CAPTURE_AUTORELEASING = YES;
				CLANG_WARN_BOOL_CONVERSION = YES;
				CLANG_WARN_COMMA = YES;
				CLANG_WARN_CONSTANT_CONVERSION = YES;
				CLANG_WARN_DEPRECATED_OBJC_IMPLEMENTATIONS = YES;
				CLANG_WARN_DIRECT_OBJC_ISA_USAGE = YES_ERROR;
				CLANG_WARN_DOCUMENTATION_COMMENTS = YES;
				CLANG_WARN_EMPTY_BODY = YES;
				CLANG_WARN_ENUM_CONVERSION = YES;
				CLANG_WARN_INFINITE_RECURSION = YES;
				CLANG_WARN_INT_CONVERSION = YES;
				CLANG_WARN_NON_LITERAL_NULL_CONVERSION = YES;
				CLANG_WARN_OBJC_IMPLICIT_RETAIN_SELF = YES;
				CLANG_WARN_OBJC_LITERAL_CONVERSION = YES;
				CLANG_WARN_OBJC_ROOT_CLASS = YES_ERROR;
				CLANG_WARN_QUOTED_INCLUDE_IN_FRAMEWORK_HEADER = YES;
				CLANG_WARN_RANGE_LOOP_ANALYSIS = YES;
				CLANG_WARN_STRICT_PROTOTYPES = YES;
				CLANG_WARN_SUSPICIOUS_MOVE = YES;
				CLANG_WARN_UNGUARDED_AVAILABILITY = YES_AGGRESSIVE;
				CLANG_WARN_UNREACHABLE_CODE = YES;
				CLANG_WARN__DUPLICATE_METHOD_MATCH = YES;
				COPY_PHASE_STRIP = NO;
				DEBUG_INFORMATION_FORMAT = dwarf;
				ENABLE_STRICT_OBJC_MSGSEND = YES;
				ENABLE_TESTABILITY = YES;
				GCC_C_LANGUAGE_STANDARD = gnu11;
				GCC_DYNAMIC_NO_PIC = NO;
				GCC_NO_COMMON_BLOCKS = YES;
				GCC_OPTIMIZATION_LEVEL = 0;
				GCC_PREPROCESSOR_DEFINITIONS = (
					"DEBUG=1",
					"$(inherited)",
				);
				GCC_WARN_64_TO_32_BIT_CONVERSION = YES;
				GCC_WARN_ABOUT_RETURN_TYPE = YES_ERROR;
				GCC_WARN_UNDECLARED_SELECTOR = YES;
				GCC_WARN_UNINITIALIZED_AUTOS = YES_AGGRESSIVE;
				GCC_WARN_UNUSED_FUNCTION = YES;
				GCC_WARN_UNUSED_VARIABLE = YES;
				IPHONEOS_DEPLOYMENT_TARGET = 15.4;
				MTL_ENABLE_DEBUG_INFO = INCLUDE_SOURCE;
				MTL_FAST_MATH = YES;
				ONLY_ACTIVE_ARCH = YES;
				SDKROOT = iphoneos;
				SWIFT_ACTIVE_COMPILATION_CONDITIONS = DEBUG;
				SWIFT_OPTIMIZATION_LEVEL = "-Onone";
			};
			name = Debug;
		};
		42002F902802A19C00173378 /* Release */ = {
			isa = XCBuildConfiguration;
			buildSettings = {
				ALWAYS_SEARCH_USER_PATHS = NO;
				CLANG_ANALYZER_NONNULL = YES;
				CLANG_ANALYZER_NUMBER_OBJECT_CONVERSION = YES_AGGRESSIVE;
				CLANG_CXX_LANGUAGE_STANDARD = "gnu++17";
				CLANG_ENABLE_MODULES = YES;
				CLANG_ENABLE_OBJC_ARC = YES;
				CLANG_ENABLE_OBJC_WEAK = YES;
				CLANG_WARN_BLOCK_CAPTURE_AUTORELEASING = YES;
				CLANG_WARN_BOOL_CONVERSION = YES;
				CLANG_WARN_COMMA = YES;
				CLANG_WARN_CONSTANT_CONVERSION = YES;
				CLANG_WARN_DEPRECATED_OBJC_IMPLEMENTATIONS = YES;
				CLANG_WARN_DIRECT_OBJC_ISA_USAGE = YES_ERROR;
				CLANG_WARN_DOCUMENTATION_COMMENTS = YES;
				CLANG_WARN_EMPTY_BODY = YES;
				CLANG_WARN_ENUM_CONVERSION = YES;
				CLANG_WARN_INFINITE_RECURSION = YES;
				CLANG_WARN_INT_CONVERSION = YES;
				CLANG_WARN_NON_LITERAL_NULL_CONVERSION = YES;
				CLANG_WARN_OBJC_IMPLICIT_RETAIN_SELF = YES;
				CLANG_WARN_OBJC_LITERAL_CONVERSION = YES;
				CLANG_WARN_OBJC_ROOT_CLASS = YES_ERROR;
				CLANG_WARN_QUOTED_INCLUDE_IN_FRAMEWORK_HEADER = YES;
				CLANG_WARN_RANGE_LOOP_ANALYSIS = YES;
				CLANG_WARN_STRICT_PROTOTYPES = YES;
				CLANG_WARN_SUSPICIOUS_MOVE = YES;
				CLANG_WARN_UNGUARDED_AVAILABILITY = YES_AGGRESSIVE;
				CLANG_WARN_UNREACHABLE_CODE = YES;
				CLANG_WARN__DUPLICATE_METHOD_MATCH = YES;
				COPY_PHASE_STRIP = NO;
				DEBUG_INFORMATION_FORMAT = "dwarf-with-dsym";
				ENABLE_NS_ASSERTIONS = NO;
				ENABLE_STRICT_OBJC_MSGSEND = YES;
				GCC_C_LANGUAGE_STANDARD = gnu11;
				GCC_NO_COMMON_BLOCKS = YES;
				GCC_WARN_64_TO_32_BIT_CONVERSION = YES;
				GCC_WARN_ABOUT_RETURN_TYPE = YES_ERROR;
				GCC_WARN_UNDECLARED_SELECTOR = YES;
				GCC_WARN_UNINITIALIZED_AUTOS = YES_AGGRESSIVE;
				GCC_WARN_UNUSED_FUNCTION = YES;
				GCC_WARN_UNUSED_VARIABLE = YES;
				IPHONEOS_DEPLOYMENT_TARGET = 15.4;
				MTL_ENABLE_DEBUG_INFO = NO;
				MTL_FAST_MATH = YES;
				SDKROOT = iphoneos;
				SWIFT_COMPILATION_MODE = wholemodule;
				SWIFT_OPTIMIZATION_LEVEL = "-O";
				VALIDATE_PRODUCT = YES;
			};
			name = Release;
		};
		42002F922802A19C00173378 /* Debug */ = {
			isa = XCBuildConfiguration;
			buildSettings = {
				ASSETCATALOG_COMPILER_APPICON_NAME = AppIcon;
				ASSETCATALOG_COMPILER_GLOBAL_ACCENT_COLOR_NAME = AccentColor;
				CODE_SIGN_STYLE = Automatic;
				CURRENT_PROJECT_VERSION = 1;
				DEVELOPMENT_ASSET_PATHS = "\"Memory/Preview Content\"";
				DEVELOPMENT_TEAM = XLS842JFZV;
				ENABLE_PREVIEWS = YES;
				GENERATE_INFOPLIST_FILE = YES;
				INFOPLIST_KEY_UIApplicationSceneManifest_Generation = YES;
				INFOPLIST_KEY_UIApplicationSupportsIndirectInputEvents = YES;
				INFOPLIST_KEY_UILaunchScreen_Generation = YES;
				INFOPLIST_KEY_UISupportedInterfaceOrientations_iPad = "UIInterfaceOrientationPortrait UIInterfaceOrientationPortraitUpsideDown UIInterfaceOrientationLandscapeLeft UIInterfaceOrientationLandscapeRight";
				INFOPLIST_KEY_UISupportedInterfaceOrientations_iPhone = "UIInterfaceOrientationPortrait UIInterfaceOrientationLandscapeLeft UIInterfaceOrientationLandscapeRight";
				LD_RUNPATH_SEARCH_PATHS = (
					"$(inherited)",
					"@executable_path/Frameworks",
				);
				MARKETING_VERSION = 1.0;
				PRODUCT_BUNDLE_IDENTIFIER = "Mr.-Beast.Memory";
				PRODUCT_NAME = "$(TARGET_NAME)";
				SWIFT_EMIT_LOC_STRINGS = YES;
				SWIFT_VERSION = 5.0;
				TARGETED_DEVICE_FAMILY = "1,2";
			};
			name = Debug;
		};
		42002F932802A19C00173378 /* Release */ = {
			isa = XCBuildConfiguration;
			buildSettings = {
				ASSETCATALOG_COMPILER_APPICON_NAME = AppIcon;
				ASSETCATALOG_COMPILER_GLOBAL_ACCENT_COLOR_NAME = AccentColor;
				CODE_SIGN_STYLE = Automatic;
				CURRENT_PROJECT_VERSION = 1;
				DEVELOPMENT_ASSET_PATHS = "\"Memory/Preview Content\"";
				DEVELOPMENT_TEAM = XLS842JFZV;
				ENABLE_PREVIEWS = YES;
				GENERATE_INFOPLIST_FILE = YES;
				INFOPLIST_KEY_UIApplicationSceneManifest_Generation = YES;
				INFOPLIST_KEY_UIApplicationSupportsIndirectInputEvents = YES;
				INFOPLIST_KEY_UILaunchScreen_Generation = YES;
				INFOPLIST_KEY_UISupportedInterfaceOrientations_iPad = "UIInterfaceOrientationPortrait UIInterfaceOrientationPortraitUpsideDown UIInterfaceOrientationLandscapeLeft UIInterfaceOrientationLandscapeRight";
				INFOPLIST_KEY_UISupportedInterfaceOrientations_iPhone = "UIInterfaceOrientationPortrait UIInterfaceOrientationLandscapeLeft UIInterfaceOrientationLandscapeRight";
				LD_RUNPATH_SEARCH_PATHS = (
					"$(inherited)",
					"@executable_path/Frameworks",
				);
				MARKETING_VERSION = 1.0;
				PRODUCT_BUNDLE_IDENTIFIER = "Mr.-Beast.Memory";
				PRODUCT_NAME = "$(TARGET_NAME)";
				SWIFT_EMIT_LOC_STRINGS = YES;
				SWIFT_VERSION = 5.0;
				TARGETED_DEVICE_FAMILY = "1,2";
			};
			name = Release;
		};
/* End XCBuildConfiguration section */

/* Begin XCConfigurationList section */
		42002F7E2802A19B00173378 /* Build configuration list for PBXProject "Memory" */ = {
			isa = XCConfigurationList;
			buildConfigurations = (
				42002F8F2802A19C00173378 /* Debug */,
				42002F902802A19C00173378 /* Release */,
			);
			defaultConfigurationIsVisible = 0;
			defaultConfigurationName = Release;
		};
		42002F912802A19C00173378 /* Build configuration list for PBXNativeTarget "Memory" */ = {
			isa = XCConfigurationList;
			buildConfigurations = (
				42002F922802A19C00173378 /* Debug */,
				42002F932802A19C00173378 /* Release */,
			);
			defaultConfigurationIsVisible = 0;
			defaultConfigurationName = Release;
		};
/* End XCConfigurationList section */
	};
	rootObject = 42002F7B2802A19B00173378 /* Project object */;
}
